
Microsoft Visual Studio Solution File, Format Version 12.00
# Visual Studio 15
VisualStudioVersion = 15.0.27703.1
MinimumVisualStudioVersion = 10.0.40219.1
Project("{FAE04EC0-301F-11D3-BF4B-00C04F79EFBC}") = "Solution", "Solution.csproj", "{637D6070-2763-4C5C-A534-309A98220D6C}"
EndProject
Global
	GlobalSection(SolutionConfigurationPlatforms) = preSolution
		Debug|Any CPU = Debug|Any CPU
		Release|Any CPU = Release|Any CPU
	EndGlobalSection
	GlobalSection(ProjectConfigurationPlatforms) = postSolution
		{637D6070-2763-4C5C-A534-309A98220D6C}.Debug|Any CPU.ActiveCfg = Debug|Any CPU
		{637D6070-2763-4C5C-A534-309A98220D6C}.Debug|Any CPU.Build.0 = Debug|Any CPU
		{637D6070-2763-4C5C-A534-309A98220D6C}.Release|Any CPU.ActiveCfg = Release|Any CPU
		{637D6070-2763-4C5C-A534-309A98220D6C}.Release|Any CPU.Build.0 = Release|Any CPU
	EndGlobalSection
	GlobalSection(SolutionProperties) = preSolution
		HideSolutionNode = FALSE
	EndGlobalSection
	GlobalSection(ExtensibilityGlobals) = postSolution
		SolutionGuid = {B02516C3-D7B8-4D44-857E-556A437975FA}
	EndGlobalSection
EndGlobal
