
Microsoft Visual Studio Solution File, Format Version 12.00
# Visual Studio 15
VisualStudioVersion = 15.0.27130.2027
MinimumVisualStudioVersion = 10.0.40219.1
Project("{888888A0-9F3D-457C-B088-3A5042F75D52}") = "leetcode", "leetcode.pyproj", "{A7CC198A-5A7C-425B-84C3-C7C1119D3247}"
EndProject
Global
	GlobalSection(SolutionConfigurationPlatforms) = preSolution
		Debug|Any CPU = Debug|Any CPU
		Release|Any CPU = Release|Any CPU
	EndGlobalSection
	GlobalSection(ProjectConfigurationPlatforms) = postSolution
		{A7CC198A-5A7C-425B-84C3-C7C1119D3247}.Debug|Any CPU.ActiveCfg = Debug|Any CPU
		{A7CC198A-5A7C-425B-84C3-C7C1119D3247}.Release|Any CPU.ActiveCfg = Release|Any CPU
	EndGlobalSection
	GlobalSection(SolutionProperties) = preSolution
		HideSolutionNode = FALSE
	EndGlobalSection
	GlobalSection(ExtensibilityGlobals) = postSolution
		SolutionGuid = {B1EE4D58-8803-4F96-A9B5-4331B7AE1054}
	EndGlobalSection
EndGlobal
