
Microsoft Visual Studio Solution File, Format Version 12.00
# Visual Studio Version 16
VisualStudioVersion = 16.0.32002.261
MinimumVisualStudioVersion = 10.0.40219.1
Project("{9A19103F-16F7-4668-BE54-9A1E7A4F7556}") = "ConsoleApp", "ConsoleApp.csproj", "{30642492-4808-437F-9B3E-47AC038106BD}"
EndProject
Global
	GlobalSection(SolutionConfigurationPlatforms) = preSolution
		Debug|Any CPU = Debug|Any CPU
		Release|Any CPU = Release|Any CPU
	EndGlobalSection
	GlobalSection(ProjectConfigurationPlatforms) = postSolution
		{30642492-4808-437F-9B3E-47AC038106BD}.Debug|Any CPU.ActiveCfg = Debug|Any CPU
		{30642492-4808-437F-9B3E-47AC038106BD}.Debug|Any CPU.Build.0 = Debug|Any CPU
		{30642492-4808-437F-9B3E-47AC038106BD}.Release|Any CPU.ActiveCfg = Release|Any CPU
		{30642492-4808-437F-9B3E-47AC038106BD}.Release|Any CPU.Build.0 = Release|Any CPU
	EndGlobalSection
	GlobalSection(SolutionProperties) = preSolution
		HideSolutionNode = FALSE
	EndGlobalSection
	GlobalSection(ExtensibilityGlobals) = postSolution
		SolutionGuid = {79522C18-0A0D-422C-BF14-E9C72A0BF78E}
	EndGlobalSection
EndGlobal
